Microsoft Visual Studio Solution File, Format Version 12.00
# Visual Studio Version 17
VisualStudioVersion = 17.0.31903.59
MinimumVisualStudioVersion = 10.0.40219.1
Project("{2150E333-8FDC-42A3-9474-1A3956D46DE8}") = "src", "src", "{827E0CD3-B72D-47B6-A68D-7590B98EB39B}"
EndProject
Project("{FAE04EC0-301F-11D3-BF4B-00C04F79EFBC}") = "Api", "src\Api\Api.csproj", "{6A9C8E90-F842-49B2-BB61-47F4949FC489}"
EndProject
Project("{FAE04EC0-301F-11D3-BF4B-00C04F79EFBC}") = "Domain", "src\Domain\Domain.csproj", "{43010372-6DE0-4409-98FB-A7BD4640C2A1}"
EndProject
Project("{FAE04EC0-301F-11D3-BF4B-00C04F79EFBC}") = "Infrastructure", "src\Infrastructure\Infrastructure.csproj", "{CC7B25BC-CEF1-4E1D-8374-C8D202E4A5CB}"
EndProject
Project("{FAE04EC0-301F-11D3-BF4B-00C04F79EFBC}") = "Core", "src\Core\Core.csproj", "{99F48C16-DEFE-4ADF-B942-702A35CF6F4E}"
EndProject
Global
	GlobalSection(SolutionConfigurationPlatforms) = preSolution
		Debug|Any CPU = Debug|Any CPU
		Debug|x64 = Debug|x64
		Debug|x86 = Debug|x86
		Release|Any CPU = Release|Any CPU
		Release|x64 = Release|x64
		Release|x86 = Release|x86
	EndGlobalSection
	GlobalSection(ProjectConfigurationPlatforms) = postSolution
		{6A9C8E90-F842-49B2-BB61-47F4949FC489}.Debug|Any CPU.ActiveCfg = Debug|Any CPU
		{6A9C8E90-F842-49B2-BB61-47F4949FC489}.Debug|Any CPU.Build.0 = Debug|Any CPU
		{6A9C8E90-F842-49B2-BB61-47F4949FC489}.Debug|x64.ActiveCfg = Debug|Any CPU
		{6A9C8E90-F842-49B2-BB61-47F4949FC489}.Debug|x64.Build.0 = Debug|Any CPU
		{6A9C8E90-F842-49B2-BB61-47F4949FC489}.Debug|x86.ActiveCfg = Debug|Any CPU
		{6A9C8E90-F842-49B2-BB61-47F4949FC489}.Debug|x86.Build.0 = Debug|Any CPU
		{6A9C8E90-F842-49B2-BB61-47F4949FC489}.Release|Any CPU.ActiveCfg = Release|Any CPU
		{6A9C8E90-F842-49B2-BB61-47F4949FC489}.Release|Any CPU.Build.0 = Release|Any CPU
		{6A9C8E90-F842-49B2-BB61-47F4949FC489}.Release|x64.ActiveCfg = Release|Any CPU
		{6A9C8E90-F842-49B2-BB61-47F4949FC489}.Release|x64.Build.0 = Release|Any CPU
		{6A9C8E90-F842-49B2-BB61-47F4949FC489}.Release|x86.ActiveCfg = Release|Any CPU
		{6A9C8E90-F842-49B2-BB61-47F4949FC489}.Release|x86.Build.0 = Release|Any CPU
		{43010372-6DE0-4409-98FB-A7BD4640C2A1}.Debug|Any CPU.ActiveCfg = Debug|Any CPU
		{43010372-6DE0-4409-98FB-A7BD4640C2A1}.Debug|Any CPU.Build.0 = Debug|Any CPU
		{43010372-6DE0-4409-98FB-A7BD4640C2A1}.Debug|x64.ActiveCfg = Debug|Any CPU
		{43010372-6DE0-4409-98FB-A7BD4640C2A1}.Debug|x64.Build.0 = Debug|Any CPU
		{43010372-6DE0-4409-98FB-A7BD4640C2A1}.Debug|x86.ActiveCfg = Debug|Any CPU
		{43010372-6DE0-4409-98FB-A7BD4640C2A1}.Debug|x86.Build.0 = Debug|Any CPU
		{43010372-6DE0-4409-98FB-A7BD4640C2A1}.Release|Any CPU.ActiveCfg = Release|Any CPU
		{43010372-6DE0-4409-98FB-A7BD4640C2A1}.Release|Any CPU.Build.0 = Release|Any CPU
		{43010372-6DE0-4409-98FB-A7BD4640C2A1}.Release|x64.ActiveCfg = Release|Any CPU
		{43010372-6DE0-4409-98FB-A7BD4640C2A1}.Release|x64.Build.0 = Release|Any CPU
		{43010372-6DE0-4409-98FB-A7BD4640C2A1}.Release|x86.ActiveCfg = Release|Any CPU
		{43010372-6DE0-4409-98FB-A7BD4640C2A1}.Release|x86.Build.0 = Release|Any CPU
		{CC7B25BC-CEF1-4E1D-8374-C8D202E4A5CB}.Debug|Any CPU.ActiveCfg = Debug|Any CPU
		{CC7B25BC-CEF1-4E1D-8374-C8D202E4A5CB}.Debug|Any CPU.Build.0 = Debug|Any CPU
		{CC7B25BC-CEF1-4E1D-8374-C8D202E4A5CB}.Debug|x64.ActiveCfg = Debug|Any CPU
		{CC7B25BC-CEF1-4E1D-8374-C8D202E4A5CB}.Debug|x64.Build.0 = Debug|Any CPU
		{CC7B25BC-CEF1-4E1D-8374-C8D202E4A5CB}.Debug|x86.ActiveCfg = Debug|Any CPU
		{CC7B25BC-CEF1-4E1D-8374-C8D202E4A5CB}.Debug|x86.Build.0 = Debug|Any CPU
		{CC7B25BC-CEF1-4E1D-8374-C8D202E4A5CB}.Release|Any CPU.ActiveCfg = Release|Any CPU
		{CC7B25BC-CEF1-4E1D-8374-C8D202E4A5CB}.Release|Any CPU.Build.0 = Release|Any CPU
		{CC7B25BC-CEF1-4E1D-8374-C8D202E4A5CB}.Release|x64.ActiveCfg = Release|Any CPU
		{CC7B25BC-CEF1-4E1D-8374-C8D202E4A5CB}.Release|x64.Build.0 = Release|Any CPU
		{CC7B25BC-CEF1-4E1D-8374-C8D202E4A5CB}.Release|x86.ActiveCfg = Release|Any CPU
		{CC7B25BC-CEF1-4E1D-8374-C8D202E4A5CB}.Release|x86.Build.0 = Release|Any CPU
		{99F48C16-DEFE-4ADF-B942-702A35CF6F4E}.Debug|Any CPU.ActiveCfg = Debug|Any CPU
		{99F48C16-DEFE-4ADF-B942-702A35CF6F4E}.Debug|Any CPU.Build.0 = Debug|Any CPU
		{99F48C16-DEFE-4ADF-B942-702A35CF6F4E}.Debug|x64.ActiveCfg = Debug|Any CPU
		{99F48C16-DEFE-4ADF-B942-702A35CF6F4E}.Debug|x64.Build.0 = Debug|Any CPU
		{99F48C16-DEFE-4ADF-B942-702A35CF6F4E}.Debug|x86.ActiveCfg = Debug|Any CPU
		{99F48C16-DEFE-4ADF-B942-702A35CF6F4E}.Debug|x86.Build.0 = Debug|Any CPU
		{99F48C16-DEFE-4ADF-B942-702A35CF6F4E}.Release|Any CPU.ActiveCfg = Release|Any CPU
		{99F48C16-DEFE-4ADF-B942-702A35CF6F4E}.Release|Any CPU.Build.0 = Release|Any CPU
		{99F48C16-DEFE-4ADF-B942-702A35CF6F4E}.Release|x64.ActiveCfg = Release|Any CPU
		{99F48C16-DEFE-4ADF-B942-702A35CF6F4E}.Release|x64.Build.0 = Release|Any CPU
		{99F48C16-DEFE-4ADF-B942-702A35CF6F4E}.Release|x86.ActiveCfg = Release|Any CPU
		{99F48C16-DEFE-4ADF-B942-702A35CF6F4E}.Release|x86.Build.0 = Release|Any CPU
		{8E7C2043-3DC2-4D35-A4D3-7A91B193B97A}.Debug|Any CPU.ActiveCfg = Debug|Any CPU
		{8E7C2043-3DC2-4D35-A4D3-7A91B193B97A}.Debug|Any CPU.Build.0 = Debug|Any CPU
		{8E7C2043-3DC2-4D35-A4D3-7A91B193B97A}.Debug|x64.ActiveCfg = Debug|Any CPU
		{8E7C2043-3DC2-4D35-A4D3-7A91B193B97A}.Debug|x64.Build.0 = Debug|Any CPU
		{8E7C2043-3DC2-4D35-A4D3-7A91B193B97A}.Debug|x86.ActiveCfg = Debug|Any CPU
		{8E7C2043-3DC2-4D35-A4D3-7A91B193B97A}.Debug|x86.Build.0 = Debug|Any CPU
		{8E7C2043-3DC2-4D35-A4D3-7A91B193B97A}.Release|Any CPU.ActiveCfg = Release|Any CPU
		{8E7C2043-3DC2-4D35-A4D3-7A91B193B97A}.Release|Any CPU.Build.0 = Release|Any CPU
		{8E7C2043-3DC2-4D35-A4D3-7A91B193B97A}.Release|x64.ActiveCfg = Release|Any CPU
		{8E7C2043-3DC2-4D35-A4D3-7A91B193B97A}.Release|x64.Build.0 = Release|Any CPU
		{8E7C2043-3DC2-4D35-A4D3-7A91B193B97A}.Release|x86.ActiveCfg = Release|Any CPU
		{8E7C2043-3DC2-4D35-A4D3-7A91B193B97A}.Release|x86.Build.0 = Release|Any CPU
		{9B2AE124-6636-4DE9-83A3-70360DABD0C5}.Debug|Any CPU.ActiveCfg = Debug|Any CPU
		{9B2AE124-6636-4DE9-83A3-70360DABD0C5}.Debug|Any CPU.Build.0 = Debug|Any CPU
		{9B2AE124-6636-4DE9-83A3-70360DABD0C5}.Debug|x64.ActiveCfg = Debug|Any CPU
		{9B2AE124-6636-4DE9-83A3-70360DABD0C5}.Debug|x64.Build.0 = Debug|Any CPU
		{9B2AE124-6636-4DE9-83A3-70360DABD0C5}.Debug|x86.ActiveCfg = Debug|Any CPU
		{9B2AE124-6636-4DE9-83A3-70360DABD0C5}.Debug|x86.Build.0 = Debug|Any CPU
		{9B2AE124-6636-4DE9-83A3-70360DABD0C5}.Release|Any CPU.ActiveCfg = Release|Any CPU
		{9B2AE124-6636-4DE9-83A3-70360DABD0C5}.Release|Any CPU.Build.0 = Release|Any CPU
		{9B2AE124-6636-4DE9-83A3-70360DABD0C5}.Release|x64.ActiveCfg = Release|Any CPU
		{9B2AE124-6636-4DE9-83A3-70360DABD0C5}.Release|x64.Build.0 = Release|Any CPU
		{9B2AE124-6636-4DE9-83A3-70360DABD0C5}.Release|x86.ActiveCfg = Release|Any CPU
		{9B2AE124-6636-4DE9-83A3-70360DABD0C5}.Release|x86.Build.0 = Release|Any CPU
		{C4C6D7D2-5E1A-4B5E-8D3F-EC79C5C3D6A5}.Debug|Any CPU.ActiveCfg = Debug|Any CPU
		{C4C6D7D2-5E1A-4B5E-8D3F-EC79C5C3D6A5}.Debug|Any CPU.Build.0 = Debug|Any CPU
		{C4C6D7D2-5E1A-4B5E-8D3F-EC79C5C3D6A5}.Debug|x64.ActiveCfg = Debug|Any CPU
		{C4C6D7D2-5E1A-4B5E-8D3F-EC79C5C3D6A5}.Debug|x64.Build.0 = Debug|Any CPU
		{C4C6D7D2-5E1A-4B5E-8D3F-EC79C5C3D6A5}.Debug|x86.ActiveCfg = Debug|Any CPU
		{C4C6D7D2-5E1A-4B5E-8D3F-EC79C5C3D6A5}.Debug|x86.Build.0 = Debug|Any CPU
		{C4C6D7D2-5E1A-4B5E-8D3F-EC79C5C3D6A5}.Release|Any CPU.ActiveCfg = Release|Any CPU
		{C4C6D7D2-5E1A-4B5E-8D3F-EC79C5C3D6A5}.Release|Any CPU.Build.0 = Release|Any CPU
		{C4C6D7D2-5E1A-4B5E-8D3F-EC79C5C3D6A5}.Release|x64.ActiveCfg = Release|Any CPU
		{C4C6D7D2-5E1A-4B5E-8D3F-EC79C5C3D6A5}.Release|x64.Build.0 = Release|Any CPU
		{C4C6D7D2-5E1A-4B5E-8D3F-EC79C5C3D6A5}.Release|x86.ActiveCfg = Release|Any CPU
		{C4C6D7D2-5E1A-4B5E-8D3F-EC79C5C3D6A5}.Release|x86.Build.0 = Release|Any CPU
		{D5D7D7D2-5E1A-4B5E-8D3F-EC79C5C3D6A6}.Debug|Any CPU.ActiveCfg = Debug|Any CPU
		{D5D7D7D2-5E1A-4B5E-8D3F-EC79C5C3D6A6}.Debug|Any CPU.Build.0 = Debug|Any CPU
		{D5D7D7D2-5E1A-4B5E-8D3F-EC79C5C3D6A6}.Debug|x64.ActiveCfg = Debug|Any CPU
		{D5D7D7D2-5E1A-4B5E-8D3F-EC79C5C3D6A6}.Debug|x64.Build.0 = Debug|Any CPU
		{D5D7D7D2-5E1A-4B5E-8D3F-EC79C5C3D6A6}.Debug|x86.ActiveCfg = Debug|Any CPU
		{D5D7D7D2-5E1A-4B5E-8D3F-EC79C5C3D6A6}.Debug|x86.Build.0 = Debug|Any CPU
		{D5D7D7D2-5E1A-4B5E-8D3F-EC79C5C3D6A6}.Release|Any CPU.ActiveCfg = Release|Any CPU
		{D5D7D7D2-5E1A-4B5E-8D3F-EC79C5C3D6A6}.Release|Any CPU.Build.0 = Release|Any CPU
		{D5D7D7D2-5E1A-4B5E-8D3F-EC79C5C3D6A6}.Release|x64.ActiveCfg = Release|Any CPU
		{D5D7D7D2-5E1A-4B5E-8D3F-EC79C5C3D6A6}.Release|x64.Build.0 = Release|Any CPU
		{D5D7D7D2-5E1A-4B5E-8D3F-EC79C5C3D6A6}.Release|x86.ActiveCfg = Release|Any CPU
		{D5D7D7D2-5E1A-4B5E-8D3F-EC79C5C3D6A6}.Release|x86.Build.0 = Release|Any CPU
	EndGlobalSection
	GlobalSection(SolutionProperties) = preSolution
		HideSolutionNode = FALSE
	EndGlobalSection
	GlobalSection(NestedProjects) = preSolution
		{6A9C8E90-F842-49B2-BB61-47F4949FC489} = {827E0CD3-B72D-47B6-A68D-7590B98EB39B}
		{43010372-6DE0-4409-98FB-A7BD4640C2A1} = {827E0CD3-B72D-47B6-A68D-7590B98EB39B}
		{CC7B25BC-CEF1-4E1D-8374-C8D202E4A5CB} = {827E0CD3-B72D-47B6-A68D-7590B98EB39B}
		{99F48C16-DEFE-4ADF-B942-702A35CF6F4E} = {827E0CD3-B72D-47B6-A68D-7590B98EB39B}
	EndGlobalSection
EndGlobal
