Microsoft Visual Studio Solution File, Format Version 12.00
# Visual Studio Version 17
VisualStudioVersion = 17.0.31903.59
MinimumVisualStudioVersion = 10.0.40219.1
Project("{2150E333-8FDC-42A3-9474-1A3956D46DE8}") = "src", "src", "{827E0CD3-B72D-47B6-A68D-7590B98EB39B}"
EndProject
Project("{FAE04EC0-301F-11D3-BF4B-00C04F79EFBC}") = "Api", "src\Api\Api.csproj", "{CA606655-A349-4230-8008-803EEFA75D7F}"
EndProject
Project("{FAE04EC0-301F-11D3-BF4B-00C04F79EFBC}") = "Domain", "src\Domain\Domain.csproj", "{C473C561-F80E-4E65-A0A0-64F3D8F836E9}"
EndProject
Project("{FAE04EC0-301F-11D3-BF4B-00C04F79EFBC}") = "Infrastructure", "src\Infrastructure\Infrastructure.csproj", "{37864F6A-DB53-4FF3-BD34-088A05ADDA50}"
EndProject
Project("{FAE04EC0-301F-11D3-BF4B-00C04F79EFBC}") = "Streaming", "src\Streaming\Streaming.csproj", "{6DD68937-2B1A-4AE6-8EBF-C92FBD0795BD}"
EndProject
Global
	GlobalSection(SolutionConfigurationPlatforms) = preSolution
		Debug|Any CPU = Debug|Any CPU
		Debug|x64 = Debug|x64
		Debug|x86 = Debug|x86
		Release|Any CPU = Release|Any CPU
		Release|x64 = Release|x64
		Release|x86 = Release|x86
	EndGlobalSection
	GlobalSection(ProjectConfigurationPlatforms) = postSolution
		{CA606655-A349-4230-8008-803EEFA75D7F}.Debug|Any CPU.ActiveCfg = Debug|Any CPU
		{CA606655-A349-4230-8008-803EEFA75D7F}.Debug|Any CPU.Build.0 = Debug|Any CPU
		{CA606655-A349-4230-8008-803EEFA75D7F}.Debug|x64.ActiveCfg = Debug|Any CPU
		{CA606655-A349-4230-8008-803EEFA75D7F}.Debug|x64.Build.0 = Debug|Any CPU
		{CA606655-A349-4230-8008-803EEFA75D7F}.Debug|x86.ActiveCfg = Debug|Any CPU
		{CA606655-A349-4230-8008-803EEFA75D7F}.Debug|x86.Build.0 = Debug|Any CPU
		{CA606655-A349-4230-8008-803EEFA75D7F}.Release|Any CPU.ActiveCfg = Release|Any CPU
		{CA606655-A349-4230-8008-803EEFA75D7F}.Release|Any CPU.Build.0 = Release|Any CPU
		{CA606655-A349-4230-8008-803EEFA75D7F}.Release|x64.ActiveCfg = Release|Any CPU
		{CA606655-A349-4230-8008-803EEFA75D7F}.Release|x64.Build.0 = Release|Any CPU
		{CA606655-A349-4230-8008-803EEFA75D7F}.Release|x86.ActiveCfg = Release|Any CPU
		{CA606655-A349-4230-8008-803EEFA75D7F}.Release|x86.Build.0 = Release|Any CPU
		{C473C561-F80E-4E65-A0A0-64F3D8F836E9}.Debug|Any CPU.ActiveCfg = Debug|Any CPU
		{C473C561-F80E-4E65-A0A0-64F3D8F836E9}.Debug|Any CPU.Build.0 = Debug|Any CPU
		{C473C561-F80E-4E65-A0A0-64F3D8F836E9}.Debug|x64.ActiveCfg = Debug|Any CPU
		{C473C561-F80E-4E65-A0A0-64F3D8F836E9}.Debug|x64.Build.0 = Debug|Any CPU
		{C473C561-F80E-4E65-A0A0-64F3D8F836E9}.Debug|x86.ActiveCfg = Debug|Any CPU
		{C473C561-F80E-4E65-A0A0-64F3D8F836E9}.Debug|x86.Build.0 = Debug|Any CPU
		{C473C561-F80E-4E65-A0A0-64F3D8F836E9}.Release|Any CPU.ActiveCfg = Release|Any CPU
		{C473C561-F80E-4E65-A0A0-64F3D8F836E9}.Release|Any CPU.Build.0 = Release|Any CPU
		{C473C561-F80E-4E65-A0A0-64F3D8F836E9}.Release|x64.ActiveCfg = Release|Any CPU
		{C473C561-F80E-4E65-A0A0-64F3D8F836E9}.Release|x64.Build.0 = Release|Any CPU
		{C473C561-F80E-4E65-A0A0-64F3D8F836E9}.Release|x86.ActiveCfg = Release|Any CPU
		{C473C561-F80E-4E65-A0A0-64F3D8F836E9}.Release|x86.Build.0 = Release|Any CPU
		{37864F6A-DB53-4FF3-BD34-088A05ADDA50}.Debug|Any CPU.ActiveCfg = Debug|Any CPU
		{37864F6A-DB53-4FF3-BD34-088A05ADDA50}.Debug|Any CPU.Build.0 = Debug|Any CPU
		{37864F6A-DB53-4FF3-BD34-088A05ADDA50}.Debug|x64.ActiveCfg = Debug|Any CPU
		{37864F6A-DB53-4FF3-BD34-088A05ADDA50}.Debug|x64.Build.0 = Debug|Any CPU
		{37864F6A-DB53-4FF3-BD34-088A05ADDA50}.Debug|x86.ActiveCfg = Debug|Any CPU
		{37864F6A-DB53-4FF3-BD34-088A05ADDA50}.Debug|x86.Build.0 = Debug|Any CPU
		{37864F6A-DB53-4FF3-BD34-088A05ADDA50}.Release|Any CPU.ActiveCfg = Release|Any CPU
		{37864F6A-DB53-4FF3-BD34-088A05ADDA50}.Release|Any CPU.Build.0 = Release|Any CPU
		{37864F6A-DB53-4FF3-BD34-088A05ADDA50}.Release|x64.ActiveCfg = Release|Any CPU
		{37864F6A-DB53-4FF3-BD34-088A05ADDA50}.Release|x64.Build.0 = Release|Any CPU
		{37864F6A-DB53-4FF3-BD34-088A05ADDA50}.Release|x86.ActiveCfg = Release|Any CPU
		{37864F6A-DB53-4FF3-BD34-088A05ADDA50}.Release|x86.Build.0 = Release|Any CPU
		{6DD68937-2B1A-4AE6-8EBF-C92FBD0795BD}.Debug|Any CPU.ActiveCfg = Debug|Any CPU
		{6DD68937-2B1A-4AE6-8EBF-C92FBD0795BD}.Debug|Any CPU.Build.0 = Debug|Any CPU
		{6DD68937-2B1A-4AE6-8EBF-C92FBD0795BD}.Debug|x64.ActiveCfg = Debug|Any CPU
		{6DD68937-2B1A-4AE6-8EBF-C92FBD0795BD}.Debug|x64.Build.0 = Debug|Any CPU
		{6DD68937-2B1A-4AE6-8EBF-C92FBD0795BD}.Debug|x86.ActiveCfg = Debug|Any CPU
		{6DD68937-2B1A-4AE6-8EBF-C92FBD0795BD}.Debug|x86.Build.0 = Debug|Any CPU
		{6DD68937-2B1A-4AE6-8EBF-C92FBD0795BD}.Release|Any CPU.ActiveCfg = Release|Any CPU
		{6DD68937-2B1A-4AE6-8EBF-C92FBD0795BD}.Release|Any CPU.Build.0 = Release|Any CPU
		{6DD68937-2B1A-4AE6-8EBF-C92FBD0795BD}.Release|x64.ActiveCfg = Release|Any CPU
		{6DD68937-2B1A-4AE6-8EBF-C92FBD0795BD}.Release|x64.Build.0 = Release|Any CPU
		{6DD68937-2B1A-4AE6-8EBF-C92FBD0795BD}.Release|x86.ActiveCfg = Release|Any CPU
		{6DD68937-2B1A-4AE6-8EBF-C92FBD0795BD}.Release|x86.Build.0 = Release|Any CPU
		{B9A5B3C7-5D6A-4AA3-B9B9-06A1D8971D2E}.Debug|Any CPU.ActiveCfg = Debug|Any CPU
		{B9A5B3C7-5D6A-4AA3-B9B9-06A1D8971D2E}.Debug|Any CPU.Build.0 = Debug|Any CPU
		{B9A5B3C7-5D6A-4AA3-B9B9-06A1D8971D2E}.Debug|x64.ActiveCfg = Debug|Any CPU
		{B9A5B3C7-5D6A-4AA3-B9B9-06A1D8971D2E}.Debug|x64.Build.0 = Debug|Any CPU
		{B9A5B3C7-5D6A-4AA3-B9B9-06A1D8971D2E}.Debug|x86.ActiveCfg = Debug|Any CPU
		{B9A5B3C7-5D6A-4AA3-B9B9-06A1D8971D2E}.Debug|x86.Build.0 = Debug|Any CPU
		{B9A5B3C7-5D6A-4AA3-B9B9-06A1D8971D2E}.Release|Any CPU.ActiveCfg = Release|Any CPU
		{B9A5B3C7-5D6A-4AA3-B9B9-06A1D8971D2E}.Release|Any CPU.Build.0 = Release|Any CPU
		{B9A5B3C7-5D6A-4AA3-B9B9-06A1D8971D2E}.Release|x64.ActiveCfg = Release|Any CPU
		{B9A5B3C7-5D6A-4AA3-B9B9-06A1D8971D2E}.Release|x64.Build.0 = Release|Any CPU
		{B9A5B3C7-5D6A-4AA3-B9B9-06A1D8971D2E}.Release|x86.ActiveCfg = Release|Any CPU
		{B9A5B3C7-5D6A-4AA3-B9B9-06A1D8971D2E}.Release|x86.Build.0 = Release|Any CPU
		{D7B19104-8F7A-4AA4-BE54-9A1E7A4F7557}.Debug|Any CPU.ActiveCfg = Debug|Any CPU
		{D7B19104-8F7A-4AA4-BE54-9A1E7A4F7557}.Debug|Any CPU.Build.0 = Debug|Any CPU
		{D7B19104-8F7A-4AA4-BE54-9A1E7A4F7557}.Debug|x64.ActiveCfg = Debug|Any CPU
		{D7B19104-8F7A-4AA4-BE54-9A1E7A4F7557}.Debug|x64.Build.0 = Debug|Any CPU
		{D7B19104-8F7A-4AA4-BE54-9A1E7A4F7557}.Debug|x86.ActiveCfg = Debug|Any CPU
		{D7B19104-8F7A-4AA4-BE54-9A1E7A4F7557}.Debug|x86.Build.0 = Debug|Any CPU
		{D7B19104-8F7A-4AA4-BE54-9A1E7A4F7557}.Release|Any CPU.ActiveCfg = Release|Any CPU
		{D7B19104-8F7A-4AA4-BE54-9A1E7A4F7557}.Release|Any CPU.Build.0 = Release|Any CPU
		{D7B19104-8F7A-4AA4-BE54-9A1E7A4F7557}.Release|x64.ActiveCfg = Release|Any CPU
		{D7B19104-8F7A-4AA4-BE54-9A1E7A4F7557}.Release|x64.Build.0 = Release|Any CPU
		{D7B19104-8F7A-4AA4-BE54-9A1E7A4F7557}.Release|x86.ActiveCfg = Release|Any CPU
		{D7B19104-8F7A-4AA4-BE54-9A1E7A4F7557}.Release|x86.Build.0 = Release|Any CPU
		{E8B29205-9F7B-4BB5-CF54-9A1E7A4F7558}.Debug|Any CPU.ActiveCfg = Debug|Any CPU
		{E8B29205-9F7B-4BB5-CF54-9A1E7A4F7558}.Debug|Any CPU.Build.0 = Debug|Any CPU
		{E8B29205-9F7B-4BB5-CF54-9A1E7A4F7558}.Debug|x64.ActiveCfg = Debug|Any CPU
		{E8B29205-9F7B-4BB5-CF54-9A1E7A4F7558}.Debug|x64.Build.0 = Debug|Any CPU
		{E8B29205-9F7B-4BB5-CF54-9A1E7A4F7558}.Debug|x86.ActiveCfg = Debug|Any CPU
		{E8B29205-9F7B-4BB5-CF54-9A1E7A4F7558}.Debug|x86.Build.0 = Debug|Any CPU
		{E8B29205-9F7B-4BB5-CF54-9A1E7A4F7558}.Release|Any CPU.ActiveCfg = Release|Any CPU
		{E8B29205-9F7B-4BB5-CF54-9A1E7A4F7558}.Release|Any CPU.Build.0 = Release|Any CPU
		{E8B29205-9F7B-4BB5-CF54-9A1E7A4F7558}.Release|x64.ActiveCfg = Release|Any CPU
		{E8B29205-9F7B-4BB5-CF54-9A1E7A4F7558}.Release|x64.Build.0 = Release|Any CPU
		{E8B29205-9F7B-4BB5-CF54-9A1E7A4F7558}.Release|x86.ActiveCfg = Release|Any CPU
		{E8B29205-9F7B-4BB5-CF54-9A1E7A4F7558}.Release|x86.Build.0 = Release|Any CPU
		{F9C3A306-0F7C-5CC6-DF54-9A1E7A4F7559}.Debug|Any CPU.ActiveCfg = Debug|Any CPU
		{F9C3A306-0F7C-5CC6-DF54-9A1E7A4F7559}.Debug|Any CPU.Build.0 = Debug|Any CPU
		{F9C3A306-0F7C-5CC6-DF54-9A1E7A4F7559}.Debug|x64.ActiveCfg = Debug|Any CPU
		{F9C3A306-0F7C-5CC6-DF54-9A1E7A4F7559}.Debug|x64.Build.0 = Debug|Any CPU
		{F9C3A306-0F7C-5CC6-DF54-9A1E7A4F7559}.Debug|x86.ActiveCfg = Debug|Any CPU
		{F9C3A306-0F7C-5CC6-DF54-9A1E7A4F7559}.Debug|x86.Build.0 = Debug|Any CPU
		{F9C3A306-0F7C-5CC6-DF54-9A1E7A4F7559}.Release|Any CPU.ActiveCfg = Release|Any CPU
		{F9C3A306-0F7C-5CC6-DF54-9A1E7A4F7559}.Release|Any CPU.Build.0 = Release|Any CPU
		{F9C3A306-0F7C-5CC6-DF54-9A1E7A4F7559}.Release|x64.ActiveCfg = Release|Any CPU
		{F9C3A306-0F7C-5CC6-DF54-9A1E7A4F7559}.Release|x64.Build.0 = Release|Any CPU
		{F9C3A306-0F7C-5CC6-DF54-9A1E7A4F7559}.Release|x86.ActiveCfg = Release|Any CPU
		{F9C3A306-0F7C-5CC6-DF54-9A1E7A4F7559}.Release|x86.Build.0 = Release|Any CPU
	EndGlobalSection
	GlobalSection(SolutionProperties) = preSolution
		HideSolutionNode = FALSE
	EndGlobalSection
	GlobalSection(NestedProjects) = preSolution
		{CA606655-A349-4230-8008-803EEFA75D7F} = {827E0CD3-B72D-47B6-A68D-7590B98EB39B}
		{C473C561-F80E-4E65-A0A0-64F3D8F836E9} = {827E0CD3-B72D-47B6-A68D-7590B98EB39B}
		{37864F6A-DB53-4FF3-BD34-088A05ADDA50} = {827E0CD3-B72D-47B6-A68D-7590B98EB39B}
		{6DD68937-2B1A-4AE6-8EBF-C92FBD0795BD} = {827E0CD3-B72D-47B6-A68D-7590B98EB39B}

	EndGlobalSection
EndGlobal
